// !$*UTF8*$!
{
	archiveVersion = 1;
	classes = {
	};
	objectVersion = 50;
	objects = {

/* Begin PBXBuildFile section */
		833E01DD25B370ED0061B9F1 /* Tests_iOS.swift in Sources */ = {isa = PBXBuildFile; fileRef = 833E01DC25B370ED0061B9F1 /* Tests_iOS.swift */; };
		833E01E825B370ED0061B9F1 /* Tests_macOS.swift in Sources */ = {isa = PBXBuildFile; fileRef = 833E01E725B370ED0061B9F1 /* Tests_macOS.swift */; };
		833E01EA25B370ED0061B9F1 /* git_pracitceApp.swift in Sources */ = {isa = PBXBuildFile; fileRef = 833E01C125B370EC0061B9F1 /* git_pracitceApp.swift */; };
		833E01EB25B370ED0061B9F1 /* git_pracitceApp.swift in Sources */ = {isa = PBXBuildFile; fileRef = 833E01C125B370EC0061B9F1 /* git_pracitceApp.swift */; };
		833E01EC25B370ED0061B9F1 /* ContentView.swift in Sources */ = {isa = PBXBuildFile; fileRef = 833E01C225B370EC0061B9F1 /* ContentView.swift */; };
		833E01ED25B370ED0061B9F1 /* ContentView.swift in Sources */ = {isa = PBXBuildFile; fileRef = 833E01C225B370EC0061B9F1 /* ContentView.swift */; };
		833E01EE25B370ED0061B9F1 /* Assets.xcassets in Resources */ = {isa = PBXBuildFile; fileRef = 833E01C325B370ED0061B9F1 /* Assets.xcassets */; };
		833E01EF25B370ED0061B9F1 /* Assets.xcassets in Resources */ = {isa = PBXBuildFile; fileRef = 833E01C325B370ED0061B9F1 /* Assets.xcassets */; };
/* End PBXBuildFile section */

/* Begin PBXContainerItemProxy section */
		833E01D925B370ED0061B9F1 /* PBXContainerItemProxy */ = {
			isa = PBXContainerItemProxy;
			containerPortal = 833E01BC25B370EB0061B9F1 /* Project object */;
			proxyType = 1;
			remoteGlobalIDString = 833E01C725B370ED0061B9F1;
			remoteInfo = "git pracitce (iOS)";
		};
		833E01E425B370ED0061B9F1 /* PBXContainerItemProxy */ = {
			isa = PBXContainerItemProxy;
			containerPortal = 833E01BC25B370EB0061B9F1 /* Project object */;
			proxyType = 1;
			remoteGlobalIDString = 833E01CF25B370ED0061B9F1;
			remoteInfo = "git pracitce (macOS)";
		};
/* End PBXContainerItemProxy section */

/* Begin PBXFileReference section */
		833E01C125B370EC0061B9F1 /* git_pracitceApp.swift */ = {isa = PBXFileReference; lastKnownFileType = sourcecode.swift; path = git_pracitceApp.swift; sourceTree = "<group>"; };
		833E01C225B370EC0061B9F1 /* ContentView.swift */ = {isa = PBXFileReference; lastKnownFileType = sourcecode.swift; path = ContentView.swift; sourceTree = "<group>"; };
		833E01C325B370ED0061B9F1 /* Assets.xcassets */ = {isa = PBXFileReference; lastKnownFileType = folder.assetcatalog; path = Assets.xcassets; sourceTree = "<group>"; };
		833E01C825B370ED0061B9F1 /* git pracitce.app */ = {isa = PBXFileReference; explicitFileType = wrapper.application; includeInIndex = 0; path = "git pracitce.app"; sourceTree = BUILT_PRODUCTS_DIR; };
		833E01CB25B370ED0061B9F1 /* Info.plist */ = {isa = PBXFileReference; lastKnownFileType = text.plist.xml; path = Info.plist; sourceTree = "<group>"; };
		833E01D025B370ED0061B9F1 /* git pracitce.app */ = {isa = PBXFileReference; explicitFileType = wrapper.application; includeInIndex = 0; path = "git pracitce.app"; sourceTree = BUILT_PRODUCTS_DIR; };
		833E01D225B370ED0061B9F1 /* Info.plist */ = {isa = PBXFileReference; lastKnownFileType = text.plist.xml; path = Info.plist; sourceTree = "<group>"; };
		833E01D325B370ED0061B9F1 /* macOS.entitlements */ = {isa = PBXFileReference; lastKnownFileType = text.plist.entitlements; path = macOS.entitlements; sourceTree = "<group>"; };
		833E01D825B370ED0061B9F1 /* Tests iOS.xctest */ = {isa = PBXFileReference; explicitFileType = wrapper.cfbundle; includeInIndex = 0; path = "Tests iOS.xctest"; sourceTree = BUILT_PRODUCTS_DIR; };
		833E01DC25B370ED0061B9F1 /* Tests_iOS.swift */ = {isa = PBXFileReference; lastKnownFileType = sourcecode.swift; path = Tests_iOS.swift; sourceTree = "<group>"; };
		833E01DE25B370ED0061B9F1 /* Info.plist */ = {isa = PBXFileReference; lastKnownFileType = text.plist.xml; path = Info.plist; sourceTree = "<group>"; };
		833E01E325B370ED0061B9F1 /* Tests macOS.xctest */ = {isa = PBXFileReference; explicitFileType = wrapper.cfbundle; includeInIndex = 0; path = "Tests macOS.xctest"; sourceTree = BUILT_PRODUCTS_DIR; };
		833E01E725B370ED0061B9F1 /* Tests_macOS.swift */ = {isa = PBXFileReference; lastKnownFileType = sourcecode.swift; path = Tests_macOS.swift; sourceTree = "<group>"; };
		833E01E925B370ED0061B9F1 /* Info.plist */ = {isa = PBXFileReference; lastKnownFileType = text.plist.xml; path = Info.plist; sourceTree = "<group>"; };
/* End PBXFileReference section */

/* Begin PBXFrameworksBuildPhase section */
		833E01C525B370ED0061B9F1 /* Frameworks */ = {
			isa = PBXFrameworksBuildPhase;
			buildActionMask = 2147483647;
			files = (
			);
			runOnlyForDeploymentPostprocessing = 0;
		};
		833E01CD25B370ED0061B9F1 /* Frameworks */ = {
			isa = PBXFrameworksBuildPhase;
			buildActionMask = 2147483647;
			files = (
			);
			runOnlyForDeploymentPostprocessing = 0;
		};
		833E01D525B370ED0061B9F1 /* Frameworks */ = {
			isa = PBXFrameworksBuildPhase;
			buildActionMask = 2147483647;
			files = (
			);
			runOnlyForDeploymentPostprocessing = 0;
		};
		833E01E025B370ED0061B9F1 /* Frameworks */ = {
			isa = PBXFrameworksBuildPhase;
			buildActionMask = 2147483647;
			files = (
			);
			runOnlyForDeploymentPostprocessing = 0;
		};
/* End PBXFrameworksBuildPhase section */

/* Begin PBXGroup section */
		833E01BB25B370EB0061B9F1 = {
			isa = PBXGroup;
			children = (
				833E01C025B370EC0061B9F1 /* Shared */,
				833E01CA25B370ED0061B9F1 /* iOS */,
				833E01D125B370ED0061B9F1 /* macOS */,
				833E01DB25B370ED0061B9F1 /* Tests iOS */,
				833E01E625B370ED0061B9F1 /* Tests macOS */,
				833E01C925B370ED0061B9F1 /* Products */,
			);
			sourceTree = "<group>";
		};
		833E01C025B370EC0061B9F1 /* Shared */ = {
			isa = PBXGroup;
			children = (
				833E01C125B370EC0061B9F1 /* git_pracitceApp.swift */,
				833E01C225B370EC0061B9F1 /* ContentView.swift */,
				833E01C325B370ED0061B9F1 /* Assets.xcassets */,
			);
			path = Shared;
			sourceTree = "<group>";
		};
		833E01C925B370ED0061B9F1 /* Products */ = {
			isa = PBXGroup;
			children = (
				833E01C825B370ED0061B9F1 /* git pracitce.app */,
				833E01D025B370ED0061B9F1 /* git pracitce.app */,
				833E01D825B370ED0061B9F1 /* Tests iOS.xctest */,
				833E01E325B370ED0061B9F1 /* Tests macOS.xctest */,
			);
			name = Products;
			sourceTree = "<group>";
		};
		833E01CA25B370ED0061B9F1 /* iOS */ = {
			isa = PBXGroup;
			children = (
				833E01CB25B370ED0061B9F1 /* Info.plist */,
			);
			path = iOS;
			sourceTree = "<group>";
		};
		833E01D125B370ED0061B9F1 /* macOS */ = {
			isa = PBXGroup;
			children = (
				833E01D225B370ED0061B9F1 /* Info.plist */,
				833E01D325B370ED0061B9F1 /* macOS.entitlements */,
			);
			path = macOS;
			sourceTree = "<group>";
		};
		833E01DB25B370ED0061B9F1 /* Tests iOS */ = {
			isa = PBXGroup;
			children = (
				833E01DC25B370ED0061B9F1 /* Tests_iOS.swift */,
				833E01DE25B370ED0061B9F1 /* Info.plist */,
			);
			path = "Tests iOS";
			sourceTree = "<group>";
		};
		833E01E625B370ED0061B9F1 /* Tests macOS */ = {
			isa = PBXGroup;
			children = (
				833E01E725B370ED0061B9F1 /* Tests_macOS.swift */,
				833E01E925B370ED0061B9F1 /* Info.plist */,
			);
			path = "Tests macOS";
			sourceTree = "<group>";
		};
/* End PBXGroup section */

/* Begin PBXNativeTarget section */
		833E01C725B370ED0061B9F1 /* git pracitce (iOS) */ = {
			isa = PBXNativeTarget;
			buildConfigurationList = 833E01F225B370ED0061B9F1 /* Build configuration list for PBXNativeTarget "git pracitce (iOS)" */;
			buildPhases = (
				833E01C425B370ED0061B9F1 /* Sources */,
				833E01C525B370ED0061B9F1 /* Frameworks */,
				833E01C625B370ED0061B9F1 /* Resources */,
			);
			buildRules = (
			);
			dependencies = (
			);
			name = "git pracitce (iOS)";
			productName = "git pracitce (iOS)";
			productReference = 833E01C825B370ED0061B9F1 /* git pracitce.app */;
			productType = "com.apple.product-type.application";
		};
		833E01CF25B370ED0061B9F1 /* git pracitce (macOS) */ = {
			isa = PBXNativeTarget;
			buildConfigurationList = 833E01F525B370ED0061B9F1 /* Build configuration list for PBXNativeTarget "git pracitce (macOS)" */;
			buildPhases = (
				833E01CC25B370ED0061B9F1 /* Sources */,
				833E01CD25B370ED0061B9F1 /* Frameworks */,
				833E01CE25B370ED0061B9F1 /* Resources */,
			);
			buildRules = (
			);
			dependencies = (
			);
			name = "git pracitce (macOS)";
			productName = "git pracitce (macOS)";
			productReference = 833E01D025B370ED0061B9F1 /* git pracitce.app */;
			productType = "com.apple.product-type.application";
		};
		833E01D725B370ED0061B9F1 /* Tests iOS */ = {
			isa = PBXNativeTarget;
			buildConfigurationList = 833E01F825B370ED0061B9F1 /* Build configuration list for PBXNativeTarget "Tests iOS" */;
			buildPhases = (
				833E01D425B370ED0061B9F1 /* Sources */,
				833E01D525B370ED0061B9F1 /* Frameworks */,
				833E01D625B370ED0061B9F1 /* Resources */,
			);
			buildRules = (
			);
			dependencies = (
				833E01DA25B370ED0061B9F1 /* PBXTargetDependency */,
			);
			name = "Tests iOS";
			productName = "Tests iOS";
			productReference = 833E01D825B370ED0061B9F1 /* Tests iOS.xctest */;
			productType = "com.apple.product-type.bundle.ui-testing";
		};
		833E01E225B370ED0061B9F1 /* Tests macOS */ = {
			isa = PBXNativeTarget;
			buildConfigurationList = 833E01FB25B370ED0061B9F1 /* Build configuration list for PBXNativeTarget "Tests macOS" */;
			buildPhases = (
				833E01DF25B370ED0061B9F1 /* Sources */,
				833E01E025B370ED0061B9F1 /* Frameworks */,
				833E01E125B370ED0061B9F1 /* Resources */,
			);
			buildRules = (
			);
			dependencies = (
				833E01E525B370ED0061B9F1 /* PBXTargetDependency */,
			);
			name = "Tests macOS";
			productName = "Tests macOS";
			productReference = 833E01E325B370ED0061B9F1 /* Tests macOS.xctest */;
			productType = "com.apple.product-type.bundle.ui-testing";
		};
/* End PBXNativeTarget section */

/* Begin PBXProject section */
		833E01BC25B370EB0061B9F1 /* Project object */ = {
			isa = PBXProject;
			attributes = {
				LastSwiftUpdateCheck = 1230;
				LastUpgradeCheck = 1230;
				TargetAttributes = {
					833E01C725B370ED0061B9F1 = {
						CreatedOnToolsVersion = 12.3;
					};
					833E01CF25B370ED0061B9F1 = {
						CreatedOnToolsVersion = 12.3;
					};
					833E01D725B370ED0061B9F1 = {
						CreatedOnToolsVersion = 12.3;
						TestTargetID = 833E01C725B370ED0061B9F1;
					};
					833E01E225B370ED0061B9F1 = {
						CreatedOnToolsVersion = 12.3;
						TestTargetID = 833E01CF25B370ED0061B9F1;
					};
				};
			};
			buildConfigurationList = 833E01BF25B370EB0061B9F1 /* Build configuration list for PBXProject "git pracitce" */;
			compatibilityVersion = "Xcode 9.3";
			developmentRegion = en;
			hasScannedForEncodings = 0;
			knownRegions = (
				en,
				Base,
			);
			mainGroup = 833E01BB25B370EB0061B9F1;
			productRefGroup = 833E01C925B370ED0061B9F1 /* Products */;
			projectDirPath = "";
			projectRoot = "";
			targets = (
				833E01C725B370ED0061B9F1 /* git pracitce (iOS) */,
				833E01CF25B370ED0061B9F1 /* git pracitce (macOS) */,
				833E01D725B370ED0061B9F1 /* Tests iOS */,
				833E01E225B370ED0061B9F1 /* Tests macOS */,
			);
		};
/* End PBXProject section */

/* Begin PBXResourcesBuildPhase section */
		833E01C625B370ED0061B9F1 /* Resources */ = {
			isa = PBXResourcesBuildPhase;
			buildActionMask = 2147483647;
			files = (
				833E01EE25B370ED0061B9F1 /* Assets.xcassets in Resources */,
			);
			runOnlyForDeploymentPostprocessing = 0;
		};
		833E01CE25B370ED0061B9F1 /* Resources */ = {
			isa = PBXResourcesBuildPhase;
			buildActionMask = 2147483647;
			files = (
				833E01EF25B370ED0061B9F1 /* Assets.xcassets in Resources */,
			);
			runOnlyForDeploymentPostprocessing = 0;
		};
		833E01D625B370ED0061B9F1 /* Resources */ = {
			isa = PBXResourcesBuildPhase;
			buildActionMask = 2147483647;
			files = (
			);
			runOnlyForDeploymentPostprocessing = 0;
		};
		833E01E125B370ED0061B9F1 /* Resources */ = {
			isa = PBXResourcesBuildPhase;
			buildActionMask = 2147483647;
			files = (
			);
			runOnlyForDeploymentPostprocessing = 0;
		};
/* End PBXResourcesBuildPhase section */

/* Begin PBXSourcesBuildPhase section */
		833E01C425B370ED0061B9F1 /* Sources */ = {
			isa = PBXSourcesBuildPhase;
			buildActionMask = 2147483647;
			files = (
				833E01EC25B370ED0061B9F1 /* ContentView.swift in Sources */,
				833E01EA25B370ED0061B9F1 /* git_pracitceApp.swift in Sources */,
			);
			runOnlyForDeploymentPostprocessing = 0;
		};
		833E01CC25B370ED0061B9F1 /* Sources */ = {
			isa = PBXSourcesBuildPhase;
			buildActionMask = 2147483647;
			files = (
				833E01ED25B370ED0061B9F1 /* ContentView.swift in Sources */,
				833E01EB25B370ED0061B9F1 /* git_pracitceApp.swift in Sources */,
			);
			runOnlyForDeploymentPostprocessing = 0;
		};
		833E01D425B370ED0061B9F1 /* Sources */ = {
			isa = PBXSourcesBuildPhase;
			buildActionMask = 2147483647;
			files = (
				833E01DD25B370ED0061B9F1 /* Tests_iOS.swift in Sources */,
			);
			runOnlyForDeploymentPostprocessing = 0;
		};
		833E01DF25B370ED0061B9F1 /* Sources */ = {
			isa = PBXSourcesBuildPhase;
			buildActionMask = 2147483647;
			files = (
				833E01E825B370ED0061B9F1 /* Tests_macOS.swift in Sources */,
			);
			runOnlyForDeploymentPostprocessing = 0;
		};
/* End PBXSourcesBuildPhase section */

/* Begin PBXTargetDependency section */
		833E01DA25B370ED0061B9F1 /* PBXTargetDependency */ = {
			isa = PBXTargetDependency;
			target = 833E01C725B370ED0061B9F1 /* git pracitce (iOS) */;
			targetProxy = 833E01D925B370ED0061B9F1 /* PBXContainerItemProxy */;
		};
		833E01E525B370ED0061B9F1 /* PBXTargetDependency */ = {
			isa = PBXTargetDependency;
			target = 833E01CF25B370ED0061B9F1 /* git pracitce (macOS) */;
			targetProxy = 833E01E425B370ED0061B9F1 /* PBXContainerItemProxy */;
		};
/* End PBXTargetDependency section */

/* Begin XCBuildConfiguration section */
		833E01F025B370ED0061B9F1 /* Debug */ = {
			isa = XCBuildConfiguration;
			buildSettings = {
				ALWAYS_SEARCH_USER_PATHS = NO;
				CLANG_ANALYZER_NONNULL = YES;
				CLANG_ANALYZER_NUMBER_OBJECT_CONVERSION = YES_AGGRESSIVE;
				CLANG_CXX_LANGUAGE_STANDARD = "gnu++14";
				CLANG_CXX_LIBRARY = "libc++";
				CLANG_ENABLE_MODULES = YES;
				CLANG_ENABLE_OBJC_ARC = YES;
				CLANG_ENABLE_OBJC_WEAK = YES;
				CLANG_WARN_BLOCK_CAPTURE_AUTORELEASING = YES;
				CLANG_WARN_BOOL_CONVERSION = YES;
				CLANG_WARN_COMMA = YES;
				CLANG_WARN_CONSTANT_CONVERSION = YES;
				CLANG_WARN_DEPRECATED_OBJC_IMPLEMENTATIONS = YES;
				CLANG_WARN_DIRECT_OBJC_ISA_USAGE = YES_ERROR;
				CLANG_WARN_DOCUMENTATION_COMMENTS = YES;
				CLANG_WARN_EMPTY_BODY = YES;
				CLANG_WARN_ENUM_CONVERSION = YES;
				CLANG_WARN_INFINITE_RECURSION = YES;
				CLANG_WARN_INT_CONVERSION = YES;
				CLANG_WARN_NON_LITERAL_NULL_CONVERSION = YES;
				CLANG_WARN_OBJC_IMPLICIT_RETAIN_SELF = YES;
				CLANG_WARN_OBJC_LITERAL_CONVERSION = YES;
				CLANG_WARN_OBJC_ROOT_CLASS = YES_ERROR;
				CLANG_WARN_QUOTED_INCLUDE_IN_FRAMEWORK_HEADER = YES;
				CLANG_WARN_RANGE_LOOP_ANALYSIS = YES;
				CLANG_WARN_STRICT_PROTOTYPES = YES;
				CLANG_WARN_SUSPICIOUS_MOVE = YES;
				CLANG_WARN_UNGUARDED_AVAILABILITY = YES_AGGRESSIVE;
				CLANG_WARN_UNREACHABLE_CODE = YES;
				CLANG_WARN__DUPLICATE_METHOD_MATCH = YES;
				COPY_PHASE_STRIP = NO;
				DEBUG_INFORMATION_FORMAT = dwarf;
				ENABLE_STRICT_OBJC_MSGSEND = YES;
				ENABLE_TESTABILITY = YES;
				GCC_C_LANGUAGE_STANDARD = gnu11;
				GCC_DYNAMIC_NO_PIC = NO;
				GCC_NO_COMMON_BLOCKS = YES;
				GCC_OPTIMIZATION_LEVEL = 0;
				GCC_PREPROCESSOR_DEFINITIONS = (
					"DEBUG=1",
					"$(inherited)",
				);
				GCC_WARN_64_TO_32_BIT_CONVERSION = YES;
				GCC_WARN_ABOUT_RETURN_TYPE = YES_ERROR;
				GCC_WARN_UNDECLARED_SELECTOR = YES;
				GCC_WARN_UNINITIALIZED_AUTOS = YES_AGGRESSIVE;
				GCC_WARN_UNUSED_FUNCTION = YES;
				GCC_WARN_UNUSED_VARIABLE = YES;
				MTL_ENABLE_DEBUG_INFO = INCLUDE_SOURCE;
				MTL_FAST_MATH = YES;
				ONLY_ACTIVE_ARCH = YES;
				SWIFT_ACTIVE_COMPILATION_CONDITIONS = DEBUG;
				SWIFT_OPTIMIZATION_LEVEL = "-Onone";
			};
			name = Debug;
		};
		833E01F125B370ED0061B9F1 /* Release */ = {
			isa = XCBuildConfiguration;
			buildSettings = {
				ALWAYS_SEARCH_USER_PATHS = NO;
				CLANG_ANALYZER_NONNULL = YES;
				CLANG_ANALYZER_NUMBER_OBJECT_CONVERSION = YES_AGGRESSIVE;
				CLANG_CXX_LANGUAGE_STANDARD = "gnu++14";
				CLANG_CXX_LIBRARY = "libc++";
				CLANG_ENABLE_MODULES = YES;
				CLANG_ENABLE_OBJC_ARC = YES;
				CLANG_ENABLE_OBJC_WEAK = YES;
				CLANG_WARN_BLOCK_CAPTURE_AUTORELEASING = YES;
				CLANG_WARN_BOOL_CONVERSION = YES;
				CLANG_WARN_COMMA = YES;
				CLANG_WARN_CONSTANT_CONVERSION = YES;
				CLANG_WARN_DEPRECATED_OBJC_IMPLEMENTATIONS = YES;
				CLANG_WARN_DIRECT_OBJC_ISA_USAGE = YES_ERROR;
				CLANG_WARN_DOCUMENTATION_COMMENTS = YES;
				CLANG_WARN_EMPTY_BODY = YES;
				CLANG_WARN_ENUM_CONVERSION = YES;
				CLANG_WARN_INFINITE_RECURSION = YES;
				CLANG_WARN_INT_CONVERSION = YES;
				CLANG_WARN_NON_LITERAL_NULL_CONVERSION = YES;
				CLANG_WARN_OBJC_IMPLICIT_RETAIN_SELF = YES;
				CLANG_WARN_OBJC_LITERAL_CONVERSION = YES;
				CLANG_WARN_OBJC_ROOT_CLASS = YES_ERROR;
				CLANG_WARN_QUOTED_INCLUDE_IN_FRAMEWORK_HEADER = YES;
				CLANG_WARN_RANGE_LOOP_ANALYSIS = YES;
				CLANG_WARN_STRICT_PROTOTYPES = YES;
				CLANG_WARN_SUSPICIOUS_MOVE = YES;
				CLANG_WARN_UNGUARDED_AVAILABILITY = YES_AGGRESSIVE;
				CLANG_WARN_UNREACHABLE_CODE = YES;
				CLANG_WARN__DUPLICATE_METHOD_MATCH = YES;
				COPY_PHASE_STRIP = NO;
				DEBUG_INFORMATION_FORMAT = "dwarf-with-dsym";
				ENABLE_NS_ASSERTIONS = NO;
				ENABLE_STRICT_OBJC_MSGSEND = YES;
				GCC_C_LANGUAGE_STANDARD = gnu11;
				GCC_NO_COMMON_BLOCKS = YES;
				GCC_WARN_64_TO_32_BIT_CONVERSION = YES;
				GCC_WARN_ABOUT_RETURN_TYPE = YES_ERROR;
				GCC_WARN_UNDECLARED_SELECTOR = YES;
				GCC_WARN_UNINITIALIZED_AUTOS = YES_AGGRESSIVE;
				GCC_WARN_UNUSED_FUNCTION = YES;
				GCC_WARN_UNUSED_VARIABLE = YES;
				MTL_ENABLE_DEBUG_INFO = NO;
				MTL_FAST_MATH = YES;
				SWIFT_COMPILATION_MODE = wholemodule;
				SWIFT_OPTIMIZATION_LEVEL = "-O";
			};
			name = Release;
		};
		833E01F325B370ED0061B9F1 /* Debug */ = {
			isa = XCBuildConfiguration;
			buildSettings = {
				ASSETCATALOG_COMPILER_APPICON_NAME = AppIcon;
				ASSETCATALOG_COMPILER_GLOBAL_ACCENT_COLOR_NAME = AccentColor;
				CODE_SIGN_STYLE = Automatic;
				DEVELOPMENT_TEAM = UGDUJASRTY;
				ENABLE_PREVIEWS = YES;
				INFOPLIST_FILE = iOS/Info.plist;
				IPHONEOS_DEPLOYMENT_TARGET = 14.0;
				LD_RUNPATH_SEARCH_PATHS = (
					"$(inherited)",
					"@executable_path/Frameworks",
				);
				PRODUCT_BUNDLE_IDENTIFIER = "com.TariqAlmazyad.git-pracitce";
				PRODUCT_NAME = "git pracitce";
				SDKROOT = iphoneos;
				SWIFT_VERSION = 5.0;
				TARGETED_DEVICE_FAMILY = "1,2";
			};
			name = Debug;
		};
		833E01F425B370ED0061B9F1 /* Release */ = {
			isa = XCBuildConfiguration;
			buildSettings = {
				ASSETCATALOG_COMPILER_APPICON_NAME = AppIcon;
				ASSETCATALOG_COMPILER_GLOBAL_ACCENT_COLOR_NAME = AccentColor;
				CODE_SIGN_STYLE = Automatic;
				DEVELOPMENT_TEAM = UGDUJASRTY;
				ENABLE_PREVIEWS = YES;
				INFOPLIST_FILE = iOS/Info.plist;
				IPHONEOS_DEPLOYMENT_TARGET = 14.0;
				LD_RUNPATH_SEARCH_PATHS = (
					"$(inherited)",
					"@executable_path/Frameworks",
				);
				PRODUCT_BUNDLE_IDENTIFIER = "com.TariqAlmazyad.git-pracitce";
				PRODUCT_NAME = "git pracitce";
				SDKROOT = iphoneos;
				SWIFT_VERSION = 5.0;
				TARGETED_DEVICE_FAMILY = "1,2";
				VALIDATE_PRODUCT = YES;
			};
			name = Release;
		};
		833E01F625B370ED0061B9F1 /* Debug */ = {
			isa = XCBuildConfiguration;
			buildSettings = {
				ASSETCATALOG_COMPILER_APPICON_NAME = AppIcon;
				ASSETCATALOG_COMPILER_GLOBAL_ACCENT_COLOR_NAME = AccentColor;
				CODE_SIGN_ENTITLEMENTS = macOS/macOS.entitlements;
				CODE_SIGN_STYLE = Automatic;
				COMBINE_HIDPI_IMAGES = YES;
				DEVELOPMENT_TEAM = UGDUJASRTY;
				ENABLE_HARDENED_RUNTIME = YES;
				ENABLE_PREVIEWS = YES;
				INFOPLIST_FILE = macOS/Info.plist;
				LD_RUNPATH_SEARCH_PATHS = (
					"$(inherited)",
					"@executable_path/../Frameworks",
				);
				MACOSX_DEPLOYMENT_TARGET = 11.0;
				PRODUCT_BUNDLE_IDENTIFIER = "com.TariqAlmazyad.git-pracitce";
				PRODUCT_NAME = "git pracitce";
				SDKROOT = macosx;
				SWIFT_VERSION = 5.0;
			};
			name = Debug;
		};
		833E01F725B370ED0061B9F1 /* Release */ = {
			isa = XCBuildConfiguration;
			buildSettings = {
				ASSETCATALOG_COMPILER_APPICON_NAME = AppIcon;
				ASSETCATALOG_COMPILER_GLOBAL_ACCENT_COLOR_NAME = AccentColor;
				CODE_SIGN_ENTITLEMENTS = macOS/macOS.entitlements;
				CODE_SIGN_STYLE = Automatic;
				COMBINE_HIDPI_IMAGES = YES;
				DEVELOPMENT_TEAM = UGDUJASRTY;
				ENABLE_HARDENED_RUNTIME = YES;
				ENABLE_PREVIEWS = YES;
				INFOPLIST_FILE = macOS/Info.plist;
				LD_RUNPATH_SEARCH_PATHS = (
					"$(inherited)",
					"@executable_path/../Frameworks",
				);
				MACOSX_DEPLOYMENT_TARGET = 11.0;
				PRODUCT_BUNDLE_IDENTIFIER = "com.TariqAlmazyad.git-pracitce";
				PRODUCT_NAME = "git pracitce";
				SDKROOT = macosx;
				SWIFT_VERSION = 5.0;
			};
			name = Release;
		};
		833E01F925B370ED0061B9F1 /* Debug */ = {
			isa = XCBuildConfiguration;
			buildSettings = {
				ALWAYS_EMBED_SWIFT_STANDARD_LIBRARIES = YES;
				CODE_SIGN_STYLE = Automatic;
				DEVELOPMENT_TEAM = UGDUJASRTY;
				INFOPLIST_FILE = "Tests iOS/Info.plist";
				IPHONEOS_DEPLOYMENT_TARGET = 14.3;
				LD_RUNPATH_SEARCH_PATHS = (
					"$(inherited)",
					"@executable_path/Frameworks",
					"@loader_path/Frameworks",
				);
				PRODUCT_BUNDLE_IDENTIFIER = "com.TariqAlmazyad.Tests-iOS";
				PRODUCT_NAME = "$(TARGET_NAME)";
				SDKROOT = iphoneos;
				SWIFT_VERSION = 5.0;
				TARGETED_DEVICE_FAMILY = "1,2";
				TEST_TARGET_NAME = "git pracitce (iOS)";
			};
			name = Debug;
		};
		833E01FA25B370ED0061B9F1 /* Release */ = {
			isa = XCBuildConfiguration;
			buildSettings = {
				ALWAYS_EMBED_SWIFT_STANDARD_LIBRARIES = YES;
				CODE_SIGN_STYLE = Automatic;
				DEVELOPMENT_TEAM = UGDUJASRTY;
				INFOPLIST_FILE = "Tests iOS/Info.plist";
				IPHONEOS_DEPLOYMENT_TARGET = 14.3;
				LD_RUNPATH_SEARCH_PATHS = (
					"$(inherited)",
					"@executable_path/Frameworks",
					"@loader_path/Frameworks",
				);
				PRODUCT_BUNDLE_IDENTIFIER = "com.TariqAlmazyad.Tests-iOS";
				PRODUCT_NAME = "$(TARGET_NAME)";
				SDKROOT = iphoneos;
				SWIFT_VERSION = 5.0;
				TARGETED_DEVICE_FAMILY = "1,2";
				TEST_TARGET_NAME = "git pracitce (iOS)";
				VALIDATE_PRODUCT = YES;
			};
			name = Release;
		};
		833E01FC25B370ED0061B9F1 /* Debug */ = {
			isa = XCBuildConfiguration;
			buildSettings = {
				ALWAYS_EMBED_SWIFT_STANDARD_LIBRARIES = YES;
				CODE_SIGN_STYLE = Automatic;
				COMBINE_HIDPI_IMAGES = YES;
				DEVELOPMENT_TEAM = UGDUJASRTY;
				INFOPLIST_FILE = "Tests macOS/Info.plist";
				LD_RUNPATH_SEARCH_PATHS = (
					"$(inherited)",
					"@executable_path/../Frameworks",
					"@loader_path/../Frameworks",
				);
				MACOSX_DEPLOYMENT_TARGET = 11.1;
				PRODUCT_BUNDLE_IDENTIFIER = "com.TariqAlmazyad.Tests-macOS";
				PRODUCT_NAME = "$(TARGET_NAME)";
				SDKROOT = macosx;
				SWIFT_VERSION = 5.0;
				TEST_TARGET_NAME = "git pracitce (macOS)";
			};
			name = Debug;
		};
		833E01FD25B370ED0061B9F1 /* Release */ = {
			isa = XCBuildConfiguration;
			buildSettings = {
				ALWAYS_EMBED_SWIFT_STANDARD_LIBRARIES = YES;
				CODE_SIGN_STYLE = Automatic;
				COMBINE_HIDPI_IMAGES = YES;
				DEVELOPMENT_TEAM = UGDUJASRTY;
				INFOPLIST_FILE = "Tests macOS/Info.plist";
				LD_RUNPATH_SEARCH_PATHS = (
					"$(inherited)",
					"@executable_path/../Frameworks",
					"@loader_path/../Frameworks",
				);
				MACOSX_DEPLOYMENT_TARGET = 11.1;
				PRODUCT_BUNDLE_IDENTIFIER = "com.TariqAlmazyad.Tests-macOS";
				PRODUCT_NAME = "$(TARGET_NAME)";
				SDKROOT = macosx;
				SWIFT_VERSION = 5.0;
				TEST_TARGET_NAME = "git pracitce (macOS)";
			};
			name = Release;
		};
/* End XCBuildConfiguration section */

/* Begin XCConfigurationList section */
		833E01BF25B370EB0061B9F1 /* Build configuration list for PBXProject "git pracitce" */ = {
			isa = XCConfigurationList;
			buildConfigurations = (
				833E01F025B370ED0061B9F1 /* Debug */,
				833E01F125B370ED0061B9F1 /* Release */,
			);
			defaultConfigurationIsVisible = 0;
			defaultConfigurationName = Release;
		};
		833E01F225B370ED0061B9F1 /* Build configuration list for PBXNativeTarget "git pracitce (iOS)" */ = {
			isa = XCConfigurationList;
			buildConfigurations = (
				833E01F325B370ED0061B9F1 /* Debug */,
				833E01F425B370ED0061B9F1 /* Release */,
			);
			defaultConfigurationIsVisible = 0;
			defaultConfigurationName = Release;
		};
		833E01F525B370ED0061B9F1 /* Build configuration list for PBXNativeTarget "git pracitce (macOS)" */ = {
			isa = XCConfigurationList;
			buildConfigurations = (
				833E01F625B370ED0061B9F1 /* Debug */,
				833E01F725B370ED0061B9F1 /* Release */,
			);
			defaultConfigurationIsVisible = 0;
			defaultConfigurationName = Release;
		};
		833E01F825B370ED0061B9F1 /* Build configuration list for PBXNativeTarget "Tests iOS" */ = {
			isa = XCConfigurationList;
			buildConfigurations = (
				833E01F925B370ED0061B9F1 /* Debug */,
				833E01FA25B370ED0061B9F1 /* Release */,
			);
			defaultConfigurationIsVisible = 0;
			defaultConfigurationName = Release;
		};
		833E01FB25B370ED0061B9F1 /* Build configuration list for PBXNativeTarget "Tests macOS" */ = {
			isa = XCConfigurationList;
			buildConfigurations = (
				833E01FC25B370ED0061B9F1 /* Debug */,
				833E01FD25B370ED0061B9F1 /* Release */,
			);
			defaultConfigurationIsVisible = 0;
			defaultConfigurationName = Release;
		};
/* End XCConfigurationList section */
	};
	rootObject = 833E01BC25B370EB0061B9F1 /* Project object */;
}
